
Microsoft Visual Studio Solution File, Format Version 12.00
# Visual Studio 15
VisualStudioVersion = 15.0.27703.2042
MinimumVisualStudioVersion = 10.0.40219.1
Project("{8BC9CEB8-8B4A-11D0-8D11-00A0C91BC942}") = "TeaCryption", "TeaCryption\TeaCryption.vcxproj", "{EE359A04-187E-4E9D-AA81-CF6C6FA2A069}"
EndProject
Global
	GlobalSection(SolutionConfigurationPlatforms) = preSolution
		Debug|x64 = Debug|x64
		Debug|x86 = Debug|x86
		Release|x64 = Release|x64
		Release|x86 = Release|x86
	EndGlobalSection
	GlobalSection(ProjectConfigurationPlatforms) = postSolution
		{EE359A04-187E-4E9D-AA81-CF6C6FA2A069}.Debug|x64.ActiveCfg = Debug|x64
		{EE359A04-187E-4E9D-AA81-CF6C6FA2A069}.Debug|x64.Build.0 = Debug|x64
		{EE359A04-187E-4E9D-AA81-CF6C6FA2A069}.Debug|x86.ActiveCfg = Debug|Win32
		{EE359A04-187E-4E9D-AA81-CF6C6FA2A069}.Debug|x86.Build.0 = Debug|Win32
		{EE359A04-187E-4E9D-AA81-CF6C6FA2A069}.Release|x64.ActiveCfg = Release|x64
		{EE359A04-187E-4E9D-AA81-CF6C6FA2A069}.Release|x64.Build.0 = Release|x64
		{EE359A04-187E-4E9D-AA81-CF6C6FA2A069}.Release|x86.ActiveCfg = Release|Win32
		{EE359A04-187E-4E9D-AA81-CF6C6FA2A069}.Release|x86.Build.0 = Release|Win32
	EndGlobalSection
	GlobalSection(SolutionProperties) = preSolution
		HideSolutionNode = FALSE
	EndGlobalSection
	GlobalSection(ExtensibilityGlobals) = postSolution
		SolutionGuid = {5145B534-40CF-40F4-8240-71E58CBB8DCF}
	EndGlobalSection
EndGlobal
